{
  "version": 4,
  "terraform_version": "1.0.2",
  "serial": 6,
  "lineage": "2d36af72-19e3-1f62-0d07-1bac91e5dd25",
  "outputs": {},
  "resources": [
    {
      "mode": "managed",
      "type": "azurerm_linux_virtual_machine",
      "name": "example",
      "provider": "provider[\"registry.terraform.io/hashicorp/azurerm\"]",
      "instances": [
        {
          "schema_version": 0,
          "attributes": {
            "additional_capabilities": [],
            "admin_password": null,
            "admin_ssh_key": [
              {
                "public_key": "ssh-rsa AAAAB3NzaC1yc2EAAAADAQABAAABgQDmrHzSVJDoFdOndOfsBKUsPIzD\r\nPRbfNpZAl1VHTlaC4Hqh9eh2TFdET3aoP4zf8mtLa2qaXAafQIsC5qFKpPPJi5ra\r\nxKZy577BDpzRWVnWzR6QzOrIWWpVw71u6+LPbA3C3Sya3uKYdbj+7gLxko/msxcl\r\n/NK6KdmPnjtJ+EKXKXKiiJ7aMXhcRzcNS41BqriatkpA3hiyDJS6yEu2vdj720LK\r\n/V5vytc88x4zw/szAHG8GX8VxjfHevR5RsjoPfSQVgRm+fcCMtFagEP9T1wPd9u3\r\nyl0RSx+oB2RXHxwh3QWe/4SKs4GoV1Kq9aK4q/kqrsuQ3mPeSkpifxS+O0bHGCQi\r\nOhox3RBrv4gSI4Fw68s6Eb33rrNBWmCHjsids/CX0VGbMB+5MORt49NRPEVC2+2b\r\nGfkGXDZE0jNgFGfSsxv4YTAlmUbFkjZQmHtjxnVRA7V85nNkBzh9gJI3WqEEi3vQ\r\nps4/oIn4CgMy5i2o9zN594Ukwd3Z9KkklEMvVCk= generated-by-azure\r\n",
                "username": "azureuser"
              }
            ],
            "admin_username": "azureuser",
            "allow_extension_operations": true,
            "availability_set_id": "",
            "boot_diagnostics": [
              {
                "storage_account_uri": ""
              }
            ],
            "computer_name": "newlinuxvm",
            "custom_data": null,
            "dedicated_host_id": "",
            "disable_password_authentication": true,
            "encryption_at_host_enabled": false,
            "eviction_policy": "",
            "extensions_time_budget": "PT1H30M",
            "id": "/subscriptions/4a5b5785-dec0-4465-a13b-794c650c26d1/resourceGroups/Aznew/providers/Microsoft.Compute/virtualMachines/newlinuxvm",
            "identity": [],
            "license_type": "",
            "location": "eastus",
            "max_bid_price": -1,
            "name": "newlinuxvm",
            "network_interface_ids": [
              "/subscriptions/4a5b5785-dec0-4465-a13b-794c650c26d1/resourceGroups/Aznew/providers/Microsoft.Network/networkInterfaces/newlinuxvm908"
            ],
            "os_disk": [
              {
                "caching": "ReadWrite",
                "diff_disk_settings": [],
                "disk_encryption_set_id": "",
                "disk_size_gb": 30,
                "name": "newlinuxvm_disk1_b33dc2d34c194b9785aa28c58f70577e",
                "storage_account_type": "Premium_LRS",
                "write_accelerator_enabled": false
              }
            ],
            "plan": [],
            "platform_fault_domain": -1,
            "priority": "Regular",
            "private_ip_address": "10.3.0.4",
            "private_ip_addresses": [
              "10.3.0.4"
            ],
            "provision_vm_agent": true,
            "proximity_placement_group_id": "",
            "public_ip_address": "13.82.91.39",
            "public_ip_addresses": [
              "13.82.91.39"
            ],
            "resource_group_name": "Aznew",
            "secret": [],
            "size": "Standard_B1s",
            "source_image_id": "",
            "source_image_reference": [
              {
                "offer": "0001-com-ubuntu-server-focal",
                "publisher": "canonical",
                "sku": "20_04-lts",
                "version": "latest"
              }
            ],
            "tags": {},
            "timeouts": {
              "create": null,
              "delete": null,
              "read": null,
              "update": null
            },
            "virtual_machine_id": "2378aa60-1324-41c7-95eb-9e98e156090c",
            "virtual_machine_scale_set_id": "",
            "zone": ""
          },
          "sensitive_attributes": [],
          "private": "eyJlMmJmYjczMC1lY2FhLTExZTYtOGY4OC0zNDM2M2JjN2M0YzAiOnsiY3JlYXRlIjoyNzAwMDAwMDAwMDAwLCJkZWxldGUiOjI3MDAwMDAwMDAwMDAsInJlYWQiOjMwMDAwMDAwMDAwMCwidXBkYXRlIjoyNzAwMDAwMDAwMDAwfSwic2NoZW1hX3ZlcnNpb24iOiIwIn0="
        }
      ]
    },
    {
      "mode": "managed",
      "type": "azurerm_network_interface",
      "name": "myterraformnic",
      "provider": "provider[\"registry.terraform.io/hashicorp/azurerm\"]",
      "instances": [
        {
          "schema_version": 0,
          "attributes": {
            "applied_dns_servers": [],
            "dns_servers": [],
            "enable_accelerated_networking": false,
            "enable_ip_forwarding": false,
            "id": "/subscriptions/4a5b5785-dec0-4465-a13b-794c650c26d1/resourceGroups/Aznew/providers/Microsoft.Network/networkInterfaces/newlinuxvm908",
            "internal_dns_name_label": "",
            "internal_domain_name_suffix": "rahyixobahqutlzngyvjtv5kea.bx.internal.cloudapp.net",
            "ip_configuration": [
              {
                "name": "ipconfig1",
                "primary": true,
                "private_ip_address": "10.3.0.4",
                "private_ip_address_allocation": "Dynamic",
                "private_ip_address_version": "IPv4",
                "public_ip_address_id": "/subscriptions/4a5b5785-dec0-4465-a13b-794c650c26d1/resourceGroups/Aznew/providers/Microsoft.Network/publicIPAddresses/newlinuxvm-ip",
                "subnet_id": "/subscriptions/4a5b5785-dec0-4465-a13b-794c650c26d1/resourceGroups/Aznew/providers/Microsoft.Network/virtualNetworks/Aznew-vnet/subnets/default"
              }
            ],
            "location": "eastus",
            "mac_address": "00-0D-3A-4E-B0-BE",
            "name": "newlinuxvm908",
            "private_ip_address": "10.3.0.4",
            "private_ip_addresses": [
              "10.3.0.4"
            ],
            "resource_group_name": "Aznew",
            "tags": {},
            "timeouts": {
              "create": null,
              "delete": null,
              "read": null,
              "update": null
            },
            "virtual_machine_id": "/subscriptions/4a5b5785-dec0-4465-a13b-794c650c26d1/resourceGroups/Aznew/providers/Microsoft.Compute/virtualMachines/newlinuxvm"
          },
          "sensitive_attributes": [],
          "private": "eyJlMmJmYjczMC1lY2FhLTExZTYtOGY4OC0zNDM2M2JjN2M0YzAiOnsiY3JlYXRlIjoxODAwMDAwMDAwMDAwLCJkZWxldGUiOjE4MDAwMDAwMDAwMDAsInJlYWQiOjMwMDAwMDAwMDAwMCwidXBkYXRlIjoxODAwMDAwMDAwMDAwfSwic2NoZW1hX3ZlcnNpb24iOiIwIn0="
        }
      ]
    },
    {
      "mode": "managed",
      "type": "azurerm_network_security_group",
      "name": "myterraformnsg",
      "provider": "provider[\"registry.terraform.io/hashicorp/azurerm\"]",
      "instances": [
        {
          "schema_version": 0,
          "attributes": {
            "id": "/subscriptions/4a5b5785-dec0-4465-a13b-794c650c26d1/resourceGroups/Aznew/providers/Microsoft.Network/networkSecurityGroups/newlinuxvm-nsg",
            "location": "eastus",
            "name": "newlinuxvm-nsg",
            "resource_group_name": "Aznew",
            "security_rule": [
              {
                "access": "Allow",
                "description": "",
                "destination_address_prefix": "*",
                "destination_address_prefixes": [],
                "destination_application_security_group_ids": [],
                "destination_port_range": "22",
                "destination_port_ranges": [],
                "direction": "Inbound",
                "name": "SSH",
                "priority": 300,
                "protocol": "TCP",
                "source_address_prefix": "*",
                "source_address_prefixes": [],
                "source_application_security_group_ids": [],
                "source_port_range": "*",
                "source_port_ranges": []
              }
            ],
            "tags": {},
            "timeouts": {
              "create": null,
              "delete": null,
              "read": null,
              "update": null
            }
          },
          "sensitive_attributes": [],
          "private": "eyJlMmJmYjczMC1lY2FhLTExZTYtOGY4OC0zNDM2M2JjN2M0YzAiOnsiY3JlYXRlIjoxODAwMDAwMDAwMDAwLCJkZWxldGUiOjE4MDAwMDAwMDAwMDAsInJlYWQiOjMwMDAwMDAwMDAwMCwidXBkYXRlIjoxODAwMDAwMDAwMDAwfSwic2NoZW1hX3ZlcnNpb24iOiIwIn0="
        }
      ]
    },
    {
      "mode": "managed",
      "type": "azurerm_public_ip",
      "name": "myterraformpublicip",
      "provider": "provider[\"registry.terraform.io/hashicorp/azurerm\"]",
      "instances": [
        {
          "schema_version": 0,
          "attributes": {
            "allocation_method": "Dynamic",
            "availability_zone": "No-Zone",
            "domain_name_label": null,
            "fqdn": null,
            "id": "/subscriptions/4a5b5785-dec0-4465-a13b-794c650c26d1/resourceGroups/Aznew/providers/Microsoft.Network/publicIPAddresses/newlinuxvm-ip",
            "idle_timeout_in_minutes": 4,
            "ip_address": "13.82.91.39",
            "ip_tags": {},
            "ip_version": "IPv4",
            "location": "eastus",
            "name": "newlinuxvm-ip",
            "public_ip_prefix_id": null,
            "resource_group_name": "Aznew",
            "reverse_fqdn": null,
            "sku": "Basic",
            "tags": {},
            "timeouts": {
              "create": null,
              "delete": null,
              "read": null,
              "update": null
            },
            "zones": []
          },
          "sensitive_attributes": [],
          "private": "eyJlMmJmYjczMC1lY2FhLTExZTYtOGY4OC0zNDM2M2JjN2M0YzAiOnsiY3JlYXRlIjoxODAwMDAwMDAwMDAwLCJkZWxldGUiOjE4MDAwMDAwMDAwMDAsInJlYWQiOjMwMDAwMDAwMDAwMCwidXBkYXRlIjoxODAwMDAwMDAwMDAwfSwic2NoZW1hX3ZlcnNpb24iOiIwIn0="
        }
      ]
    },
    {
      "mode": "managed",
      "type": "azurerm_resource_group",
      "name": "example",
      "provider": "provider[\"registry.terraform.io/hashicorp/azurerm\"]",
      "instances": [
        {
          "schema_version": 0,
          "attributes": {
            "id": "/subscriptions/4a5b5785-dec0-4465-a13b-794c650c26d1/resourceGroups/Aznew",
            "location": "southeastasia",
            "name": "Aznew",
            "tags": {},
            "timeouts": {
              "create": null,
              "delete": null,
              "read": null,
              "update": null
            }
          },
          "sensitive_attributes": [],
          "private": "eyJlMmJmYjczMC1lY2FhLTExZTYtOGY4OC0zNDM2M2JjN2M0YzAiOnsiY3JlYXRlIjo1NDAwMDAwMDAwMDAwLCJkZWxldGUiOjU0MDAwMDAwMDAwMDAsInJlYWQiOjMwMDAwMDAwMDAwMCwidXBkYXRlIjo1NDAwMDAwMDAwMDAwfSwic2NoZW1hX3ZlcnNpb24iOiIwIn0="
        }
      ]
    },
    {
      "mode": "managed",
      "type": "azurerm_virtual_network",
      "name": "example",
      "provider": "provider[\"registry.terraform.io/hashicorp/azurerm\"]",
      "instances": [
        {
          "schema_version": 0,
          "attributes": {
            "address_space": [
              "10.3.0.0/16"
            ],
            "bgp_community": "",
            "ddos_protection_plan": [],
            "dns_servers": [],
            "guid": "5d840f88-01c1-49e1-af2d-362a99d7ea20",
            "id": "/subscriptions/4a5b5785-dec0-4465-a13b-794c650c26d1/resourceGroups/Aznew/providers/Microsoft.Network/virtualNetworks/Aznew-vnet",
            "location": "eastus",
            "name": "Aznew-vnet",
            "resource_group_name": "Aznew",
            "subnet": [
              {
                "address_prefix": "10.3.0.0/24",
                "id": "/subscriptions/4a5b5785-dec0-4465-a13b-794c650c26d1/resourceGroups/Aznew/providers/Microsoft.Network/virtualNetworks/Aznew-vnet/subnets/default",
                "name": "default",
                "security_group": ""
              }
            ],
            "tags": {},
            "timeouts": {
              "create": null,
              "delete": null,
              "read": null,
              "update": null
            },
            "vm_protection_enabled": false
          },
          "sensitive_attributes": [],
          "private": "eyJlMmJmYjczMC1lY2FhLTExZTYtOGY4OC0zNDM2M2JjN2M0YzAiOnsiY3JlYXRlIjoxODAwMDAwMDAwMDAwLCJkZWxldGUiOjE4MDAwMDAwMDAwMDAsInJlYWQiOjMwMDAwMDAwMDAwMCwidXBkYXRlIjoxODAwMDAwMDAwMDAwfSwic2NoZW1hX3ZlcnNpb24iOiIwIn0="
        }
      ]
    }
  ]
}
